// !$*UTF8*$!
{
	archiveVersion = 1;
	classes = {
	};
	objectVersion = 46;
	objects = {

/* Begin PBXBuildFile section */
		6A0973A21F357CB3005141CF /* writing3.png in Resources */ = {isa = PBXBuildFile; fileRef = 6A09739D1F357CB3005141CF /* writing3.png */; };
		6A0973A31F357CB3005141CF /* writing2.png in Resources */ = {isa = PBXBuildFile; fileRef = 6A09739E1F357CB3005141CF /* writing2.png */; };
		6A0973A41F357CB3005141CF /* writing1.png in Resources */ = {isa = PBXBuildFile; fileRef = 6A09739F1F357CB3005141CF /* writing1.png */; };
		6A0973AA1F357D53005141CF /* people1.jpg in Resources */ = {isa = PBXBuildFile; fileRef = 6A0973A81F357D53005141CF /* people1.jpg */; };
		6A0973AC1F357E6D005141CF /* people2.png in Resources */ = {isa = PBXBuildFile; fileRef = 6A0973AB1F357E6D005141CF /* people2.png */; };
		6A0973AE1F357F32005141CF /* food3.jpeg in Resources */ = {isa = PBXBuildFile; fileRef = 6A0973AD1F357F32005141CF /* food3.jpeg */; };
		6A0973B11F393694005141CF /* Audio.storyboard in Resources */ = {isa = PBXBuildFile; fileRef = 6A0973B01F393694005141CF /* Audio.storyboard */; };
		6A193E041F2EB87E001BA9B6 /* EntryOptionsPopoverViewController.swift in Sources */ = {isa = PBXBuildFile; fileRef = 6A193E031F2EB87E001BA9B6 /* EntryOptionsPopoverViewController.swift */; };
		6A193E0C1F300125001BA9B6 /* speaker.png in Resources */ = {isa = PBXBuildFile; fileRef = 6A193E091F300125001BA9B6 /* speaker.png */; };
		6A193E0D1F300125001BA9B6 /* food1.jpg in Resources */ = {isa = PBXBuildFile; fileRef = 6A193E0A1F300125001BA9B6 /* food1.jpg */; };
		6A193E0E1F300125001BA9B6 /* food2.jpg in Resources */ = {isa = PBXBuildFile; fileRef = 6A193E0B1F300125001BA9B6 /* food2.jpg */; };
		6A193E101F300195001BA9B6 /* EntryCell.xib in Resources */ = {isa = PBXBuildFile; fileRef = 6A193E0F1F300195001BA9B6 /* EntryCell.xib */; };
		6A193E121F3001D4001BA9B6 /* EntryCollectionViewCell.swift in Sources */ = {isa = PBXBuildFile; fileRef = 6A193E111F3001D4001BA9B6 /* EntryCollectionViewCell.swift */; };
		6AA4755A1F2E9EE700F3B5CF /* TripBoardViewController.swift in Sources */ = {isa = PBXBuildFile; fileRef = 6AA475591F2E9EE700F3B5CF /* TripBoardViewController.swift */; };
		6AA4755C1F2EA07700F3B5CF /* CategoryCell.xib in Resources */ = {isa = PBXBuildFile; fileRef = 6AA4755B1F2EA07700F3B5CF /* CategoryCell.xib */; };
		6AA4755E1F2EA36300F3B5CF /* CategoryTableViewCell.swift in Sources */ = {isa = PBXBuildFile; fileRef = 6AA4755D1F2EA36300F3B5CF /* CategoryTableViewCell.swift */; };
		8BA38EF81F282FB9004186BA /* AppDelegate.swift in Sources */ = {isa = PBXBuildFile; fileRef = 8BA38EF71F282FB9004186BA /* AppDelegate.swift */; };
		8BA38EFA1F282FB9004186BA /* ViewController.swift in Sources */ = {isa = PBXBuildFile; fileRef = 8BA38EF91F282FB9004186BA /* ViewController.swift */; };
		8BA38EFD1F282FB9004186BA /* Main.storyboard in Resources */ = {isa = PBXBuildFile; fileRef = 8BA38EFB1F282FB9004186BA /* Main.storyboard */; };
		8BA38EFF1F282FB9004186BA /* Assets.xcassets in Resources */ = {isa = PBXBuildFile; fileRef = 8BA38EFE1F282FB9004186BA /* Assets.xcassets */; };
		8BA38F021F282FB9004186BA /* LaunchScreen.storyboard in Resources */ = {isa = PBXBuildFile; fileRef = 8BA38F001F282FB9004186BA /* LaunchScreen.storyboard */; };
		8BA38F0D1F282FBA004186BA /* dtc_travel_appTests.swift in Sources */ = {isa = PBXBuildFile; fileRef = 8BA38F0C1F282FBA004186BA /* dtc_travel_appTests.swift */; };
		8BA38F181F282FBA004186BA /* dtc_travel_appUITests.swift in Sources */ = {isa = PBXBuildFile; fileRef = 8BA38F171F282FBA004186BA /* dtc_travel_appUITests.swift */; };
/* End PBXBuildFile section */

/* Begin PBXContainerItemProxy section */
		8BA38F091F282FBA004186BA /* PBXContainerItemProxy */ = {
			isa = PBXContainerItemProxy;
			containerPortal = 8BA38EEC1F282FB8004186BA /* Project object */;
			proxyType = 1;
			remoteGlobalIDString = 8BA38EF31F282FB8004186BA;
			remoteInfo = "dtc-travel-app";
		};
		8BA38F141F282FBA004186BA /* PBXContainerItemProxy */ = {
			isa = PBXContainerItemProxy;
			containerPortal = 8BA38EEC1F282FB8004186BA /* Project object */;
			proxyType = 1;
			remoteGlobalIDString = 8BA38EF31F282FB8004186BA;
			remoteInfo = "dtc-travel-app";
		};
/* End PBXContainerItemProxy section */

/* Begin PBXFileReference section */
		6A09739D1F357CB3005141CF /* writing3.png */ = {isa = PBXFileReference; lastKnownFileType = image.png; path = writing3.png; sourceTree = "<group>"; };
		6A09739E1F357CB3005141CF /* writing2.png */ = {isa = PBXFileReference; lastKnownFileType = image.png; path = writing2.png; sourceTree = "<group>"; };
		6A09739F1F357CB3005141CF /* writing1.png */ = {isa = PBXFileReference; lastKnownFileType = image.png; path = writing1.png; sourceTree = "<group>"; };
		6A0973A81F357D53005141CF /* people1.jpg */ = {isa = PBXFileReference; lastKnownFileType = image.jpeg; path = people1.jpg; sourceTree = "<group>"; };
		6A0973AB1F357E6D005141CF /* people2.png */ = {isa = PBXFileReference; lastKnownFileType = image.png; path = people2.png; sourceTree = "<group>"; };
		6A0973AD1F357F32005141CF /* food3.jpeg */ = {isa = PBXFileReference; lastKnownFileType = image.jpeg; path = food3.jpeg; sourceTree = "<group>"; };
		6A0973B01F393694005141CF /* Audio.storyboard */ = {isa = PBXFileReference; fileEncoding = 4; lastKnownFileType = file.storyboard; path = Audio.storyboard; sourceTree = "<group>"; };
		6A193E031F2EB87E001BA9B6 /* EntryOptionsPopoverViewController.swift */ = {isa = PBXFileReference; fileEncoding = 4; lastKnownFileType = sourcecode.swift; path = EntryOptionsPopoverViewController.swift; sourceTree = "<group>"; };
		6A193E091F300125001BA9B6 /* speaker.png */ = {isa = PBXFileReference; lastKnownFileType = image.png; path = speaker.png; sourceTree = "<group>"; };
		6A193E0A1F300125001BA9B6 /* food1.jpg */ = {isa = PBXFileReference; lastKnownFileType = image.jpeg; path = food1.jpg; sourceTree = "<group>"; };
		6A193E0B1F300125001BA9B6 /* food2.jpg */ = {isa = PBXFileReference; lastKnownFileType = image.jpeg; path = food2.jpg; sourceTree = "<group>"; };
		6A193E0F1F300195001BA9B6 /* EntryCell.xib */ = {isa = PBXFileReference; fileEncoding = 4; lastKnownFileType = file.xib; path = EntryCell.xib; sourceTree = "<group>"; };
		6A193E111F3001D4001BA9B6 /* EntryCollectionViewCell.swift */ = {isa = PBXFileReference; fileEncoding = 4; lastKnownFileType = sourcecode.swift; path = EntryCollectionViewCell.swift; sourceTree = "<group>"; };
		6AA475591F2E9EE700F3B5CF /* TripBoardViewController.swift */ = {isa = PBXFileReference; fileEncoding = 4; lastKnownFileType = sourcecode.swift; path = TripBoardViewController.swift; sourceTree = "<group>"; };
		6AA4755B1F2EA07700F3B5CF /* CategoryCell.xib */ = {isa = PBXFileReference; fileEncoding = 4; lastKnownFileType = file.xib; path = CategoryCell.xib; sourceTree = "<group>"; };
		6AA4755D1F2EA36300F3B5CF /* CategoryTableViewCell.swift */ = {isa = PBXFileReference; fileEncoding = 4; lastKnownFileType = sourcecode.swift; path = CategoryTableViewCell.swift; sourceTree = "<group>"; };
		8BA38EF41F282FB9004186BA /* dtc-travel-app.app */ = {isa = PBXFileReference; explicitFileType = wrapper.application; includeInIndex = 0; path = "dtc-travel-app.app"; sourceTree = BUILT_PRODUCTS_DIR; };
		8BA38EF71F282FB9004186BA /* AppDelegate.swift */ = {isa = PBXFileReference; lastKnownFileType = sourcecode.swift; path = AppDelegate.swift; sourceTree = "<group>"; };
		8BA38EF91F282FB9004186BA /* ViewController.swift */ = {isa = PBXFileReference; lastKnownFileType = sourcecode.swift; path = ViewController.swift; sourceTree = "<group>"; };
		8BA38EFC1F282FB9004186BA /* Base */ = {isa = PBXFileReference; lastKnownFileType = file.storyboard; name = Base; path = Base.lproj/Main.storyboard; sourceTree = "<group>"; };
		8BA38EFE1F282FB9004186BA /* Assets.xcassets */ = {isa = PBXFileReference; lastKnownFileType = folder.assetcatalog; path = Assets.xcassets; sourceTree = "<group>"; };
		8BA38F011F282FB9004186BA /* Base */ = {isa = PBXFileReference; lastKnownFileType = file.storyboard; name = Base; path = Base.lproj/LaunchScreen.storyboard; sourceTree = "<group>"; };
		8BA38F031F282FB9004186BA /* Info.plist */ = {isa = PBXFileReference; lastKnownFileType = text.plist.xml; path = Info.plist; sourceTree = "<group>"; };
		8BA38F081F282FBA004186BA /* dtc-travel-appTests.xctest */ = {isa = PBXFileReference; explicitFileType = wrapper.cfbundle; includeInIndex = 0; path = "dtc-travel-appTests.xctest"; sourceTree = BUILT_PRODUCTS_DIR; };
		8BA38F0C1F282FBA004186BA /* dtc_travel_appTests.swift */ = {isa = PBXFileReference; lastKnownFileType = sourcecode.swift; path = dtc_travel_appTests.swift; sourceTree = "<group>"; };
		8BA38F0E1F282FBA004186BA /* Info.plist */ = {isa = PBXFileReference; lastKnownFileType = text.plist.xml; path = Info.plist; sourceTree = "<group>"; };
		8BA38F131F282FBA004186BA /* dtc-travel-appUITests.xctest */ = {isa = PBXFileReference; explicitFileType = wrapper.cfbundle; includeInIndex = 0; path = "dtc-travel-appUITests.xctest"; sourceTree = BUILT_PRODUCTS_DIR; };
		8BA38F171F282FBA004186BA /* dtc_travel_appUITests.swift */ = {isa = PBXFileReference; lastKnownFileType = sourcecode.swift; path = dtc_travel_appUITests.swift; sourceTree = "<group>"; };
		8BA38F191F282FBA004186BA /* Info.plist */ = {isa = PBXFileReference; lastKnownFileType = text.plist.xml; path = Info.plist; sourceTree = "<group>"; };
/* End PBXFileReference section */

/* Begin PBXFrameworksBuildPhase section */
		8BA38EF11F282FB8004186BA /* Frameworks */ = {
			isa = PBXFrameworksBuildPhase;
			buildActionMask = 2147483647;
			files = (
			);
			runOnlyForDeploymentPostprocessing = 0;
		};
		8BA38F051F282FBA004186BA /* Frameworks */ = {
			isa = PBXFrameworksBuildPhase;
			buildActionMask = 2147483647;
			files = (
			);
			runOnlyForDeploymentPostprocessing = 0;
		};
		8BA38F101F282FBA004186BA /* Frameworks */ = {
			isa = PBXFrameworksBuildPhase;
			buildActionMask = 2147483647;
			files = (
			);
			runOnlyForDeploymentPostprocessing = 0;
		};
/* End PBXFrameworksBuildPhase section */

/* Begin PBXGroup section */
		6A0973AF1F393673005141CF /* Audio Entry */ = {
			isa = PBXGroup;
			children = (
				6A0973B01F393694005141CF /* Audio.storyboard */,
			);
			name = "Audio Entry";
			sourceTree = "<group>";
		};
		6A193E011F2EAD45001BA9B6 /* Use Cases */ = {
			isa = PBXGroup;
			children = (
				6A0973AF1F393673005141CF /* Audio Entry */,
				6A193E021F2EAD50001BA9B6 /* Trip Board */,
			);
			name = "Use Cases";
			sourceTree = "<group>";
		};
		6A193E021F2EAD50001BA9B6 /* Trip Board */ = {
			isa = PBXGroup;
			children = (
				6AA475591F2E9EE700F3B5CF /* TripBoardViewController.swift */,
				6AA4755B1F2EA07700F3B5CF /* CategoryCell.xib */,
				6AA4755D1F2EA36300F3B5CF /* CategoryTableViewCell.swift */,
				6A193E031F2EB87E001BA9B6 /* EntryOptionsPopoverViewController.swift */,
				6A193E0F1F300195001BA9B6 /* EntryCell.xib */,
				6A193E111F3001D4001BA9B6 /* EntryCollectionViewCell.swift */,
			);
			name = "Trip Board";
			sourceTree = "<group>";
		};
		6A193E071F300108001BA9B6 /* Images */ = {
			isa = PBXGroup;
			children = (
				6A0973AB1F357E6D005141CF /* people2.png */,
				6A0973A81F357D53005141CF /* people1.jpg */,
				6A09739D1F357CB3005141CF /* writing3.png */,
				6A09739E1F357CB3005141CF /* writing2.png */,
				6A09739F1F357CB3005141CF /* writing1.png */,
				6A193E091F300125001BA9B6 /* speaker.png */,
				6A0973AD1F357F32005141CF /* food3.jpeg */,
				6A193E0A1F300125001BA9B6 /* food1.jpg */,
				6A193E0B1F300125001BA9B6 /* food2.jpg */,
			);
			name = Images;
			sourceTree = "<group>";
		};
		8BA38EEB1F282FB8004186BA = {
			isa = PBXGroup;
			children = (
				8BA38EF61F282FB9004186BA /* dtc-travel-app */,
				8BA38F0B1F282FBA004186BA /* dtc-travel-appTests */,
				8BA38F161F282FBA004186BA /* dtc-travel-appUITests */,
				8BA38EF51F282FB9004186BA /* Products */,
			);
			sourceTree = "<group>";
		};
		8BA38EF51F282FB9004186BA /* Products */ = {
			isa = PBXGroup;
			children = (
				8BA38EF41F282FB9004186BA /* dtc-travel-app.app */,
				8BA38F081F282FBA004186BA /* dtc-travel-appTests.xctest */,
				8BA38F131F282FBA004186BA /* dtc-travel-appUITests.xctest */,
			);
			name = Products;
			sourceTree = "<group>";
		};
		8BA38EF61F282FB9004186BA /* dtc-travel-app */ = {
			isa = PBXGroup;
			children = (
				6A193E011F2EAD45001BA9B6 /* Use Cases */,
				6A193E071F300108001BA9B6 /* Images */,
				8BA38EF71F282FB9004186BA /* AppDelegate.swift */,
				8BA38EF91F282FB9004186BA /* ViewController.swift */,
				8BA38EFB1F282FB9004186BA /* Main.storyboard */,
				8BA38EFE1F282FB9004186BA /* Assets.xcassets */,
				8BA38F001F282FB9004186BA /* LaunchScreen.storyboard */,
				8BA38F031F282FB9004186BA /* Info.plist */,
			);
			path = "dtc-travel-app";
			sourceTree = "<group>";
		};
		8BA38F0B1F282FBA004186BA /* dtc-travel-appTests */ = {
			isa = PBXGroup;
			children = (
				8BA38F0C1F282FBA004186BA /* dtc_travel_appTests.swift */,
				8BA38F0E1F282FBA004186BA /* Info.plist */,
			);
			path = "dtc-travel-appTests";
			sourceTree = "<group>";
		};
		8BA38F161F282FBA004186BA /* dtc-travel-appUITests */ = {
			isa = PBXGroup;
			children = (
				8BA38F171F282FBA004186BA /* dtc_travel_appUITests.swift */,
				8BA38F191F282FBA004186BA /* Info.plist */,
			);
			path = "dtc-travel-appUITests";
			sourceTree = "<group>";
		};
/* End PBXGroup section */

/* Begin PBXNativeTarget section */
		8BA38EF31F282FB8004186BA /* dtc-travel-app */ = {
			isa = PBXNativeTarget;
			buildConfigurationList = 8BA38F1C1F282FBA004186BA /* Build configuration list for PBXNativeTarget "dtc-travel-app" */;
			buildPhases = (
				8BA38EF01F282FB8004186BA /* Sources */,
				8BA38EF11F282FB8004186BA /* Frameworks */,
				8BA38EF21F282FB8004186BA /* Resources */,
			);
			buildRules = (
			);
			dependencies = (
			);
			name = "dtc-travel-app";
			productName = "dtc-travel-app";
			productReference = 8BA38EF41F282FB9004186BA /* dtc-travel-app.app */;
			productType = "com.apple.product-type.application";
		};
		8BA38F071F282FBA004186BA /* dtc-travel-appTests */ = {
			isa = PBXNativeTarget;
			buildConfigurationList = 8BA38F1F1F282FBA004186BA /* Build configuration list for PBXNativeTarget "dtc-travel-appTests" */;
			buildPhases = (
				8BA38F041F282FBA004186BA /* Sources */,
				8BA38F051F282FBA004186BA /* Frameworks */,
				8BA38F061F282FBA004186BA /* Resources */,
			);
			buildRules = (
			);
			dependencies = (
				8BA38F0A1F282FBA004186BA /* PBXTargetDependency */,
			);
			name = "dtc-travel-appTests";
			productName = "dtc-travel-appTests";
			productReference = 8BA38F081F282FBA004186BA /* dtc-travel-appTests.xctest */;
			productType = "com.apple.product-type.bundle.unit-test";
		};
		8BA38F121F282FBA004186BA /* dtc-travel-appUITests */ = {
			isa = PBXNativeTarget;
			buildConfigurationList = 8BA38F221F282FBA004186BA /* Build configuration list for PBXNativeTarget "dtc-travel-appUITests" */;
			buildPhases = (
				8BA38F0F1F282FBA004186BA /* Sources */,
				8BA38F101F282FBA004186BA /* Frameworks */,
				8BA38F111F282FBA004186BA /* Resources */,
			);
			buildRules = (
			);
			dependencies = (
				8BA38F151F282FBA004186BA /* PBXTargetDependency */,
			);
			name = "dtc-travel-appUITests";
			productName = "dtc-travel-appUITests";
			productReference = 8BA38F131F282FBA004186BA /* dtc-travel-appUITests.xctest */;
			productType = "com.apple.product-type.bundle.ui-testing";
		};
/* End PBXNativeTarget section */

/* Begin PBXProject section */
		8BA38EEC1F282FB8004186BA /* Project object */ = {
			isa = PBXProject;
			attributes = {
				LastSwiftUpdateCheck = 0820;
				LastUpgradeCheck = 0820;
				ORGANIZATIONNAME = Pariveda;
				TargetAttributes = {
					8BA38EF31F282FB8004186BA = {
						CreatedOnToolsVersion = 8.2.1;
						DevelopmentTeam = L7SLXWS9A4;
						ProvisioningStyle = Automatic;
					};
					8BA38F071F282FBA004186BA = {
						CreatedOnToolsVersion = 8.2.1;
						ProvisioningStyle = Automatic;
						TestTargetID = 8BA38EF31F282FB8004186BA;
					};
					8BA38F121F282FBA004186BA = {
						CreatedOnToolsVersion = 8.2.1;
						ProvisioningStyle = Automatic;
						TestTargetID = 8BA38EF31F282FB8004186BA;
					};
				};
			};
			buildConfigurationList = 8BA38EEF1F282FB8004186BA /* Build configuration list for PBXProject "dtc-travel-app" */;
			compatibilityVersion = "Xcode 3.2";
			developmentRegion = English;
			hasScannedForEncodings = 0;
			knownRegions = (
				en,
				Base,
			);
			mainGroup = 8BA38EEB1F282FB8004186BA;
			productRefGroup = 8BA38EF51F282FB9004186BA /* Products */;
			projectDirPath = "";
			projectRoot = "";
			targets = (
				8BA38EF31F282FB8004186BA /* dtc-travel-app */,
				8BA38F071F282FBA004186BA /* dtc-travel-appTests */,
				8BA38F121F282FBA004186BA /* dtc-travel-appUITests */,
			);
		};
/* End PBXProject section */

/* Begin PBXResourcesBuildPhase section */
		8BA38EF21F282FB8004186BA /* Resources */ = {
			isa = PBXResourcesBuildPhase;
			buildActionMask = 2147483647;
			files = (
				6A193E101F300195001BA9B6 /* EntryCell.xib in Resources */,
				8BA38F021F282FB9004186BA /* LaunchScreen.storyboard in Resources */,
				8BA38EFF1F282FB9004186BA /* Assets.xcassets in Resources */,
				6A0973A21F357CB3005141CF /* writing3.png in Resources */,
				6A0973AC1F357E6D005141CF /* people2.png in Resources */,
				8BA38EFD1F282FB9004186BA /* Main.storyboard in Resources */,
				6A193E0D1F300125001BA9B6 /* food1.jpg in Resources */,
				6A0973AA1F357D53005141CF /* people1.jpg in Resources */,
				6AA4755C1F2EA07700F3B5CF /* CategoryCell.xib in Resources */,
				6A193E0E1F300125001BA9B6 /* food2.jpg in Resources */,
				6A193E0C1F300125001BA9B6 /* speaker.png in Resources */,
				6A0973A31F357CB3005141CF /* writing2.png in Resources */,
				6A0973B11F393694005141CF /* Audio.storyboard in Resources */,
				6A0973A41F357CB3005141CF /* writing1.png in Resources */,
				6A0973AE1F357F32005141CF /* food3.jpeg in Resources */,
			);
			runOnlyForDeploymentPostprocessing = 0;
		};
		8BA38F061F282FBA004186BA /* Resources */ = {
			isa = PBXResourcesBuildPhase;
			buildActionMask = 2147483647;
			files = (
			);
			runOnlyForDeploymentPostprocessing = 0;
		};
		8BA38F111F282FBA004186BA /* Resources */ = {
			isa = PBXResourcesBuildPhase;
			buildActionMask = 2147483647;
			files = (
			);
			runOnlyForDeploymentPostprocessing = 0;
		};
/* End PBXResourcesBuildPhase section */

/* Begin PBXSourcesBuildPhase section */
		8BA38EF01F282FB8004186BA /* Sources */ = {
			isa = PBXSourcesBuildPhase;
			buildActionMask = 2147483647;
			files = (
				6A193E041F2EB87E001BA9B6 /* EntryOptionsPopoverViewController.swift in Sources */,
				6AA4755E1F2EA36300F3B5CF /* CategoryTableViewCell.swift in Sources */,
				8BA38EFA1F282FB9004186BA /* ViewController.swift in Sources */,
				8BA38EF81F282FB9004186BA /* AppDelegate.swift in Sources */,
				6AA4755A1F2E9EE700F3B5CF /* TripBoardViewController.swift in Sources */,
				6A193E121F3001D4001BA9B6 /* EntryCollectionViewCell.swift in Sources */,
			);
			runOnlyForDeploymentPostprocessing = 0;
		};
		8BA38F041F282FBA004186BA /* Sources */ = {
			isa = PBXSourcesBuildPhase;
			buildActionMask = 2147483647;
			files = (
				8BA38F0D1F282FBA004186BA /* dtc_travel_appTests.swift in Sources */,
			);
			runOnlyForDeploymentPostprocessing = 0;
		};
		8BA38F0F1F282FBA004186BA /* Sources */ = {
			isa = PBXSourcesBuildPhase;
			buildActionMask = 2147483647;
			files = (
				8BA38F181F282FBA004186BA /* dtc_travel_appUITests.swift in Sources */,
			);
			runOnlyForDeploymentPostprocessing = 0;
		};
/* End PBXSourcesBuildPhase section */

/* Begin PBXTargetDependency section */
		8BA38F0A1F282FBA004186BA /* PBXTargetDependency */ = {
			isa = PBXTargetDependency;
			target = 8BA38EF31F282FB8004186BA /* dtc-travel-app */;
			targetProxy = 8BA38F091F282FBA004186BA /* PBXContainerItemProxy */;
		};
		8BA38F151F282FBA004186BA /* PBXTargetDependency */ = {
			isa = PBXTargetDependency;
			target = 8BA38EF31F282FB8004186BA /* dtc-travel-app */;
			targetProxy = 8BA38F141F282FBA004186BA /* PBXContainerItemProxy */;
		};
/* End PBXTargetDependency section */

/* Begin PBXVariantGroup section */
		8BA38EFB1F282FB9004186BA /* Main.storyboard */ = {
			isa = PBXVariantGroup;
			children = (
				8BA38EFC1F282FB9004186BA /* Base */,
			);
			name = Main.storyboard;
			sourceTree = "<group>";
		};
		8BA38F001F282FB9004186BA /* LaunchScreen.storyboard */ = {
			isa = PBXVariantGroup;
			children = (
				8BA38F011F282FB9004186BA /* Base */,
			);
			name = LaunchScreen.storyboard;
			sourceTree = "<group>";
		};
/* End PBXVariantGroup section */

/* Begin XCBuildConfiguration section */
		8BA38F1A1F282FBA004186BA /* Debug */ = {
			isa = XCBuildConfiguration;
			buildSettings = {
				ALWAYS_SEARCH_USER_PATHS = NO;
				CLANG_ANALYZER_NONNULL = YES;
				CLANG_CXX_LANGUAGE_STANDARD = "gnu++0x";
				CLANG_CXX_LIBRARY = "libc++";
				CLANG_ENABLE_MODULES = YES;
				CLANG_ENABLE_OBJC_ARC = YES;
				CLANG_WARN_BOOL_CONVERSION = YES;
				CLANG_WARN_CONSTANT_CONVERSION = YES;
				CLANG_WARN_DIRECT_OBJC_ISA_USAGE = YES_ERROR;
				CLANG_WARN_DOCUMENTATION_COMMENTS = YES;
				CLANG_WARN_EMPTY_BODY = YES;
				CLANG_WARN_ENUM_CONVERSION = YES;
				CLANG_WARN_INFINITE_RECURSION = YES;
				CLANG_WARN_INT_CONVERSION = YES;
				CLANG_WARN_OBJC_ROOT_CLASS = YES_ERROR;
				CLANG_WARN_SUSPICIOUS_MOVE = YES;
				CLANG_WARN_UNREACHABLE_CODE = YES;
				CLANG_WARN__DUPLICATE_METHOD_MATCH = YES;
				"CODE_SIGN_IDENTITY[sdk=iphoneos*]" = "iPhone Developer";
				COPY_PHASE_STRIP = NO;
				DEBUG_INFORMATION_FORMAT = dwarf;
				ENABLE_STRICT_OBJC_MSGSEND = YES;
				ENABLE_TESTABILITY = YES;
				GCC_C_LANGUAGE_STANDARD = gnu99;
				GCC_DYNAMIC_NO_PIC = NO;
				GCC_NO_COMMON_BLOCKS = YES;
				GCC_OPTIMIZATION_LEVEL = 0;
				GCC_PREPROCESSOR_DEFINITIONS = (
					"DEBUG=1",
					"$(inherited)",
				);
				GCC_WARN_64_TO_32_BIT_CONVERSION = YES;
				GCC_WARN_ABOUT_RETURN_TYPE = YES_ERROR;
				GCC_WARN_UNDECLARED_SELECTOR = YES;
				GCC_WARN_UNINITIALIZED_AUTOS = YES_AGGRESSIVE;
				GCC_WARN_UNUSED_FUNCTION = YES;
				GCC_WARN_UNUSED_VARIABLE = YES;
				IPHONEOS_DEPLOYMENT_TARGET = 10.2;
				MTL_ENABLE_DEBUG_INFO = YES;
				ONLY_ACTIVE_ARCH = YES;
				SDKROOT = iphoneos;
				SWIFT_ACTIVE_COMPILATION_CONDITIONS = DEBUG;
				SWIFT_OPTIMIZATION_LEVEL = "-Onone";
			};
			name = Debug;
		};
		8BA38F1B1F282FBA004186BA /* Release */ = {
			isa = XCBuildConfiguration;
			buildSettings = {
				ALWAYS_SEARCH_USER_PATHS = NO;
				CLANG_ANALYZER_NONNULL = YES;
				CLANG_CXX_LANGUAGE_STANDARD = "gnu++0x";
				CLANG_CXX_LIBRARY = "libc++";
				CLANG_ENABLE_MODULES = YES;
				CLANG_ENABLE_OBJC_ARC = YES;
				CLANG_WARN_BOOL_CONVERSION = YES;
				CLANG_WARN_CONSTANT_CONVERSION = YES;
				CLANG_WARN_DIRECT_OBJC_ISA_USAGE = YES_ERROR;
				CLANG_WARN_DOCUMENTATION_COMMENTS = YES;
				CLANG_WARN_EMPTY_BODY = YES;
				CLANG_WARN_ENUM_CONVERSION = YES;
				CLANG_WARN_INFINITE_RECURSION = YES;
				CLANG_WARN_INT_CONVERSION = YES;
				CLANG_WARN_OBJC_ROOT_CLASS = YES_ERROR;
				CLANG_WARN_SUSPICIOUS_MOVE = YES;
				CLANG_WARN_UNREACHABLE_CODE = YES;
				CLANG_WARN__DUPLICATE_METHOD_MATCH = YES;
				"CODE_SIGN_IDENTITY[sdk=iphoneos*]" = "iPhone Developer";
				COPY_PHASE_STRIP = NO;
				DEBUG_INFORMATION_FORMAT = "dwarf-with-dsym";
				ENABLE_NS_ASSERTIONS = NO;
				ENABLE_STRICT_OBJC_MSGSEND = YES;
				GCC_C_LANGUAGE_STANDARD = gnu99;
				GCC_NO_COMMON_BLOCKS = YES;
				GCC_WARN_64_TO_32_BIT_CONVERSION = YES;
				GCC_WARN_ABOUT_RETURN_TYPE = YES_ERROR;
				GCC_WARN_UNDECLARED_SELECTOR = YES;
				GCC_WARN_UNINITIALIZED_AUTOS = YES_AGGRESSIVE;
				GCC_WARN_UNUSED_FUNCTION = YES;
				GCC_WARN_UNUSED_VARIABLE = YES;
				IPHONEOS_DEPLOYMENT_TARGET = 10.2;
				MTL_ENABLE_DEBUG_INFO = NO;
				SDKROOT = iphoneos;
				SWIFT_OPTIMIZATION_LEVEL = "-Owholemodule";
				VALIDATE_PRODUCT = YES;
			};
			name = Release;
		};
		8BA38F1D1F282FBA004186BA /* Debug */ = {
			isa = XCBuildConfiguration;
			buildSettings = {
				ASSETCATALOG_COMPILER_APPICON_NAME = AppIcon;
				DEVELOPMENT_TEAM = L7SLXWS9A4;
				INFOPLIST_FILE = "dtc-travel-app/Info.plist";
				IPHONEOS_DEPLOYMENT_TARGET = 10.3;
				LD_RUNPATH_SEARCH_PATHS = "$(inherited) @executable_path/Frameworks";
				PRODUCT_BUNDLE_IDENTIFIER = "pariveda.dtc-travel-app";
				PRODUCT_NAME = "$(TARGET_NAME)";
				SWIFT_VERSION = 3.0;
			};
			name = Debug;
		};
		8BA38F1E1F282FBA004186BA /* Release */ = {
			isa = XCBuildConfiguration;
			buildSettings = {
				ASSETCATALOG_COMPILER_APPICON_NAME = AppIcon;
				DEVELOPMENT_TEAM = L7SLXWS9A4;
				INFOPLIST_FILE = "dtc-travel-app/Info.plist";
				IPHONEOS_DEPLOYMENT_TARGET = 10.3;
				LD_RUNPATH_SEARCH_PATHS = "$(inherited) @executable_path/Frameworks";
				PRODUCT_BUNDLE_IDENTIFIER = "pariveda.dtc-travel-app";
				PRODUCT_NAME = "$(TARGET_NAME)";
				SWIFT_VERSION = 3.0;
			};
			name = Release;
		};
		8BA38F201F282FBA004186BA /* Debug */ = {
			isa = XCBuildConfiguration;
			buildSettings = {
				ALWAYS_EMBED_SWIFT_STANDARD_LIBRARIES = YES;
				BUNDLE_LOADER = "$(TEST_HOST)";
				INFOPLIST_FILE = "dtc-travel-appTests/Info.plist";
				LD_RUNPATH_SEARCH_PATHS = "$(inherited) @executable_path/Frameworks @loader_path/Frameworks";
				PRODUCT_BUNDLE_IDENTIFIER = "pariveda.dtc-travel-appTests";
				PRODUCT_NAME = "$(TARGET_NAME)";
				SWIFT_VERSION = 3.0;
				TEST_HOST = "$(BUILT_PRODUCTS_DIR)/dtc-travel-app.app/dtc-travel-app";
			};
			name = Debug;
		};
		8BA38F211F282FBA004186BA /* Release */ = {
			isa = XCBuildConfiguration;
			buildSettings = {
				ALWAYS_EMBED_SWIFT_STANDARD_LIBRARIES = YES;
				BUNDLE_LOADER = "$(TEST_HOST)";
				INFOPLIST_FILE = "dtc-travel-appTests/Info.plist";
				LD_RUNPATH_SEARCH_PATHS = "$(inherited) @executable_path/Frameworks @loader_path/Frameworks";
				PRODUCT_BUNDLE_IDENTIFIER = "pariveda.dtc-travel-appTests";
				PRODUCT_NAME = "$(TARGET_NAME)";
				SWIFT_VERSION = 3.0;
				TEST_HOST = "$(BUILT_PRODUCTS_DIR)/dtc-travel-app.app/dtc-travel-app";
			};
			name = Release;
		};
		8BA38F231F282FBA004186BA /* Debug */ = {
			isa = XCBuildConfiguration;
			buildSettings = {
				ALWAYS_EMBED_SWIFT_STANDARD_LIBRARIES = YES;
				INFOPLIST_FILE = "dtc-travel-appUITests/Info.plist";
				LD_RUNPATH_SEARCH_PATHS = "$(inherited) @executable_path/Frameworks @loader_path/Frameworks";
				PRODUCT_BUNDLE_IDENTIFIER = "pariveda.dtc-travel-appUITests";
				PRODUCT_NAME = "$(TARGET_NAME)";
				SWIFT_VERSION = 3.0;
				TEST_TARGET_NAME = "dtc-travel-app";
			};
			name = Debug;
		};
		8BA38F241F282FBA004186BA /* Release */ = {
			isa = XCBuildConfiguration;
			buildSettings = {
				ALWAYS_EMBED_SWIFT_STANDARD_LIBRARIES = YES;
				INFOPLIST_FILE = "dtc-travel-appUITests/Info.plist";
				LD_RUNPATH_SEARCH_PATHS = "$(inherited) @executable_path/Frameworks @loader_path/Frameworks";
				PRODUCT_BUNDLE_IDENTIFIER = "pariveda.dtc-travel-appUITests";
				PRODUCT_NAME = "$(TARGET_NAME)";
				SWIFT_VERSION = 3.0;
				TEST_TARGET_NAME = "dtc-travel-app";
			};
			name = Release;
		};
/* End XCBuildConfiguration section */

/* Begin XCConfigurationList section */
		8BA38EEF1F282FB8004186BA /* Build configuration list for PBXProject "dtc-travel-app" */ = {
			isa = XCConfigurationList;
			buildConfigurations = (
				8BA38F1A1F282FBA004186BA /* Debug */,
				8BA38F1B1F282FBA004186BA /* Release */,
			);
			defaultConfigurationIsVisible = 0;
			defaultConfigurationName = Release;
		};
		8BA38F1C1F282FBA004186BA /* Build configuration list for PBXNativeTarget "dtc-travel-app" */ = {
			isa = XCConfigurationList;
			buildConfigurations = (
				8BA38F1D1F282FBA004186BA /* Debug */,
				8BA38F1E1F282FBA004186BA /* Release */,
			);
			defaultConfigurationIsVisible = 0;
			defaultConfigurationName = Release;
		};
		8BA38F1F1F282FBA004186BA /* Build configuration list for PBXNativeTarget "dtc-travel-appTests" */ = {
			isa = XCConfigurationList;
			buildConfigurations = (
				8BA38F201F282FBA004186BA /* Debug */,
				8BA38F211F282FBA004186BA /* Release */,
			);
			defaultConfigurationIsVisible = 0;
			defaultConfigurationName = Release;
		};
		8BA38F221F282FBA004186BA /* Build configuration list for PBXNativeTarget "dtc-travel-appUITests" */ = {
			isa = XCConfigurationList;
			buildConfigurations = (
				8BA38F231F282FBA004186BA /* Debug */,
				8BA38F241F282FBA004186BA /* Release */,
			);
			defaultConfigurationIsVisible = 0;
			defaultConfigurationName = Release;
		};
/* End XCConfigurationList section */
	};
	rootObject = 8BA38EEC1F282FB8004186BA /* Project object */;
}
